github.com/gorilla/websocket v1.5.1 h1:gmztn0JnHVt9JZquRuzLw3g4wouNVzKL15iLr/zn/QY=
github.com/gorilla/websocket v1.5.1/go.mod h1:x3kM2JMyaluk02fnUJpQuwD2dCS5NDG2ZHL0uE0tcaY=
github.com/skorobogatov/input v0.0.0-20130306234943-1101603a3b41 h1:b3EmC0TosIkZPA5tTaZn7xfeBqRrMBWgZTyYv8mhzhg=
github.com/skorobogatov/input v0.0.0-20130306234943-1101603a3b41/go.mod h1:PN5WBrWYk4KR+cfihQTmzr0a1BMI9AIFZU8zRBNke2M=
golang.org/x/net v0.17.0 h1:pVaXccu2ozPjCXewfr1S7xza/zcXTity9cCdXQYSjIM=
golang.org/x/net v0.17.0/go.mod h1:NxSsAGuq816PNPmqtQdLE42eU2Fs7NoRIZrHJAlaCOE=
